
Microsoft Visual Studio Solution File, Format Version 12.00
# Visual Studio 15
VisualStudioVersion = 15.0.27130.2010
MinimumVisualStudioVersion = 10.0.40219.1
Project("{FAE04EC0-301F-11D3-BF4B-00C04F79EFBC}") = "Recursive Array Sum", "Recursive Array Sum\Recursive Array Sum.csproj", "{47240904-6799-4EB2-A879-2D707B60F1E1}"
EndProject
Global
	GlobalSection(SolutionConfigurationPlatforms) = preSolution
		Debug|Any CPU = Debug|Any CPU
		Release|Any CPU = Release|Any CPU
	EndGlobalSection
	GlobalSection(ProjectConfigurationPlatforms) = postSolution
		{47240904-6799-4EB2-A879-2D707B60F1E1}.Debug|Any CPU.ActiveCfg = Debug|Any CPU
		{47240904-6799-4EB2-A879-2D707B60F1E1}.Debug|Any CPU.Build.0 = Debug|Any CPU
		{47240904-6799-4EB2-A879-2D707B60F1E1}.Release|Any CPU.ActiveCfg = Release|Any CPU
		{47240904-6799-4EB2-A879-2D707B60F1E1}.Release|Any CPU.Build.0 = Release|Any CPU
	EndGlobalSection
	GlobalSection(SolutionProperties) = preSolution
		HideSolutionNode = FALSE
	EndGlobalSection
	GlobalSection(ExtensibilityGlobals) = postSolution
		SolutionGuid = {F5E80321-C0FB-41E5-8A08-B0B0D9D46A25}
	EndGlobalSection
EndGlobal
