
Microsoft Visual Studio Solution File, Format Version 12.00
# Visual Studio 15
VisualStudioVersion = 15.0.27130.2010
MinimumVisualStudioVersion = 10.0.40219.1
Project("{FAE04EC0-301F-11D3-BF4B-00C04F79EFBC}") = "MaxDownRightProblem", "MaxDownRightProblem\MaxDownRightProblem.csproj", "{8928CCF6-7DE5-49FB-A491-8BC8FB8D506A}"
EndProject
Global
	GlobalSection(SolutionConfigurationPlatforms) = preSolution
		Debug|Any CPU = Debug|Any CPU
		Release|Any CPU = Release|Any CPU
	EndGlobalSection
	GlobalSection(ProjectConfigurationPlatforms) = postSolution
		{8928CCF6-7DE5-49FB-A491-8BC8FB8D506A}.Debug|Any CPU.ActiveCfg = Debug|Any CPU
		{8928CCF6-7DE5-49FB-A491-8BC8FB8D506A}.Debug|Any CPU.Build.0 = Debug|Any CPU
		{8928CCF6-7DE5-49FB-A491-8BC8FB8D506A}.Release|Any CPU.ActiveCfg = Release|Any CPU
		{8928CCF6-7DE5-49FB-A491-8BC8FB8D506A}.Release|Any CPU.Build.0 = Release|Any CPU
	EndGlobalSection
	GlobalSection(SolutionProperties) = preSolution
		HideSolutionNode = FALSE
	EndGlobalSection
	GlobalSection(ExtensibilityGlobals) = postSolution
		SolutionGuid = {DB063233-221B-40AC-A21F-9C3383B5150E}
	EndGlobalSection
EndGlobal
