
Microsoft Visual Studio Solution File, Format Version 12.00
# Visual Studio 15
VisualStudioVersion = 15.0.27130.2010
MinimumVisualStudioVersion = 10.0.40219.1
Project("{FAE04EC0-301F-11D3-BF4B-00C04F79EFBC}") = "Recursive Factorial", "Recursive Factorial\Recursive Factorial.csproj", "{ECC28409-AA31-4D95-85CE-4610346374E0}"
EndProject
Global
	GlobalSection(SolutionConfigurationPlatforms) = preSolution
		Debug|Any CPU = Debug|Any CPU
		Release|Any CPU = Release|Any CPU
	EndGlobalSection
	GlobalSection(ProjectConfigurationPlatforms) = postSolution
		{ECC28409-AA31-4D95-85CE-4610346374E0}.Debug|Any CPU.ActiveCfg = Debug|Any CPU
		{ECC28409-AA31-4D95-85CE-4610346374E0}.Debug|Any CPU.Build.0 = Debug|Any CPU
		{ECC28409-AA31-4D95-85CE-4610346374E0}.Release|Any CPU.ActiveCfg = Release|Any CPU
		{ECC28409-AA31-4D95-85CE-4610346374E0}.Release|Any CPU.Build.0 = Release|Any CPU
	EndGlobalSection
	GlobalSection(SolutionProperties) = preSolution
		HideSolutionNode = FALSE
	EndGlobalSection
	GlobalSection(ExtensibilityGlobals) = postSolution
		SolutionGuid = {3F8DF210-16C4-49B7-943D-E6A33A729836}
	EndGlobalSection
EndGlobal
