
Microsoft Visual Studio Solution File, Format Version 12.00
# Visual Studio 15
VisualStudioVersion = 15.0.27130.2010
MinimumVisualStudioVersion = 10.0.40219.1
Project("{FAE04EC0-301F-11D3-BF4B-00C04F79EFBC}") = "Combination with Repetations", "Combination with Repetations\Combination with Repetations.csproj", "{D79E74DC-2AF3-4581-B39B-B2B166AAFA6C}"
EndProject
Global
	GlobalSection(SolutionConfigurationPlatforms) = preSolution
		Debug|Any CPU = Debug|Any CPU
		Release|Any CPU = Release|Any CPU
	EndGlobalSection
	GlobalSection(ProjectConfigurationPlatforms) = postSolution
		{D79E74DC-2AF3-4581-B39B-B2B166AAFA6C}.Debug|Any CPU.ActiveCfg = Debug|Any CPU
		{D79E74DC-2AF3-4581-B39B-B2B166AAFA6C}.Debug|Any CPU.Build.0 = Debug|Any CPU
		{D79E74DC-2AF3-4581-B39B-B2B166AAFA6C}.Release|Any CPU.ActiveCfg = Release|Any CPU
		{D79E74DC-2AF3-4581-B39B-B2B166AAFA6C}.Release|Any CPU.Build.0 = Release|Any CPU
	EndGlobalSection
	GlobalSection(SolutionProperties) = preSolution
		HideSolutionNode = FALSE
	EndGlobalSection
	GlobalSection(ExtensibilityGlobals) = postSolution
		SolutionGuid = {F735EB73-4485-46F6-BC2F-24EBBDAD0C3A}
	EndGlobalSection
EndGlobal
