
Microsoft Visual Studio Solution File, Format Version 12.00
# Visual Studio 15
VisualStudioVersion = 15.0.27130.2010
MinimumVisualStudioVersion = 10.0.40219.1
Project("{FAE04EC0-301F-11D3-BF4B-00C04F79EFBC}") = "Generating 01 Vectors", "Generating 01 Vectors\Generating 01 Vectors.csproj", "{116F13B8-A846-4DD4-BBC6-EFD9D80EB046}"
EndProject
Global
	GlobalSection(SolutionConfigurationPlatforms) = preSolution
		Debug|Any CPU = Debug|Any CPU
		Release|Any CPU = Release|Any CPU
	EndGlobalSection
	GlobalSection(ProjectConfigurationPlatforms) = postSolution
		{116F13B8-A846-4DD4-BBC6-EFD9D80EB046}.Debug|Any CPU.ActiveCfg = Debug|Any CPU
		{116F13B8-A846-4DD4-BBC6-EFD9D80EB046}.Debug|Any CPU.Build.0 = Debug|Any CPU
		{116F13B8-A846-4DD4-BBC6-EFD9D80EB046}.Release|Any CPU.ActiveCfg = Release|Any CPU
		{116F13B8-A846-4DD4-BBC6-EFD9D80EB046}.Release|Any CPU.Build.0 = Release|Any CPU
	EndGlobalSection
	GlobalSection(SolutionProperties) = preSolution
		HideSolutionNode = FALSE
	EndGlobalSection
	GlobalSection(ExtensibilityGlobals) = postSolution
		SolutionGuid = {BA3E24BF-C801-494D-BE0A-2A282C86AB4F}
	EndGlobalSection
EndGlobal
