
Microsoft Visual Studio Solution File, Format Version 12.00
# Visual Studio 15
VisualStudioVersion = 15.0.27130.2010
MinimumVisualStudioVersion = 10.0.40219.1
Project("{FAE04EC0-301F-11D3-BF4B-00C04F79EFBC}") = "Processor Scheduling", "Processor Scheduling\Processor Scheduling.csproj", "{896CA53F-0DFE-4C1C-A237-227A0B96D789}"
EndProject
Global
	GlobalSection(SolutionConfigurationPlatforms) = preSolution
		Debug|Any CPU = Debug|Any CPU
		Release|Any CPU = Release|Any CPU
	EndGlobalSection
	GlobalSection(ProjectConfigurationPlatforms) = postSolution
		{896CA53F-0DFE-4C1C-A237-227A0B96D789}.Debug|Any CPU.ActiveCfg = Debug|Any CPU
		{896CA53F-0DFE-4C1C-A237-227A0B96D789}.Debug|Any CPU.Build.0 = Debug|Any CPU
		{896CA53F-0DFE-4C1C-A237-227A0B96D789}.Release|Any CPU.ActiveCfg = Release|Any CPU
		{896CA53F-0DFE-4C1C-A237-227A0B96D789}.Release|Any CPU.Build.0 = Release|Any CPU
	EndGlobalSection
	GlobalSection(SolutionProperties) = preSolution
		HideSolutionNode = FALSE
	EndGlobalSection
	GlobalSection(ExtensibilityGlobals) = postSolution
		SolutionGuid = {8AC33A96-D692-4B2F-9C2B-072BCD7CEA19}
	EndGlobalSection
EndGlobal
