
Microsoft Visual Studio Solution File, Format Version 12.00
# Visual Studio 15
VisualStudioVersion = 15.0.27130.2010
MinimumVisualStudioVersion = 10.0.40219.1
Project("{FAE04EC0-301F-11D3-BF4B-00C04F79EFBC}") = "LongestCommonSubSequence", "LongestCommonSubSequence\LongestCommonSubSequence.csproj", "{A194CED4-0C78-4B3B-AB58-A3CDD315874A}"
EndProject
Global
	GlobalSection(SolutionConfigurationPlatforms) = preSolution
		Debug|Any CPU = Debug|Any CPU
		Release|Any CPU = Release|Any CPU
	EndGlobalSection
	GlobalSection(ProjectConfigurationPlatforms) = postSolution
		{A194CED4-0C78-4B3B-AB58-A3CDD315874A}.Debug|Any CPU.ActiveCfg = Debug|Any CPU
		{A194CED4-0C78-4B3B-AB58-A3CDD315874A}.Debug|Any CPU.Build.0 = Debug|Any CPU
		{A194CED4-0C78-4B3B-AB58-A3CDD315874A}.Release|Any CPU.ActiveCfg = Release|Any CPU
		{A194CED4-0C78-4B3B-AB58-A3CDD315874A}.Release|Any CPU.Build.0 = Release|Any CPU
	EndGlobalSection
	GlobalSection(SolutionProperties) = preSolution
		HideSolutionNode = FALSE
	EndGlobalSection
	GlobalSection(ExtensibilityGlobals) = postSolution
		SolutionGuid = {8FD33958-C16D-442B-8008-34A78FF81F62}
	EndGlobalSection
EndGlobal
