
Microsoft Visual Studio Solution File, Format Version 12.00
# Visual Studio 15
VisualStudioVersion = 15.0.27130.2010
MinimumVisualStudioVersion = 10.0.40219.1
Project("{FAE04EC0-301F-11D3-BF4B-00C04F79EFBC}") = "Parentheses", "Parentheses\Parentheses.csproj", "{E0C5335B-BB9E-4CE6-8C2E-2A6FC5F2B552}"
EndProject
Global
	GlobalSection(SolutionConfigurationPlatforms) = preSolution
		Debug|Any CPU = Debug|Any CPU
		Release|Any CPU = Release|Any CPU
	EndGlobalSection
	GlobalSection(ProjectConfigurationPlatforms) = postSolution
		{E0C5335B-BB9E-4CE6-8C2E-2A6FC5F2B552}.Debug|Any CPU.ActiveCfg = Debug|Any CPU
		{E0C5335B-BB9E-4CE6-8C2E-2A6FC5F2B552}.Debug|Any CPU.Build.0 = Debug|Any CPU
		{E0C5335B-BB9E-4CE6-8C2E-2A6FC5F2B552}.Release|Any CPU.ActiveCfg = Release|Any CPU
		{E0C5335B-BB9E-4CE6-8C2E-2A6FC5F2B552}.Release|Any CPU.Build.0 = Release|Any CPU
	EndGlobalSection
	GlobalSection(SolutionProperties) = preSolution
		HideSolutionNode = FALSE
	EndGlobalSection
	GlobalSection(ExtensibilityGlobals) = postSolution
		SolutionGuid = {A66E1520-4BC2-4E3E-A4B2-AA071654060C}
	EndGlobalSection
EndGlobal
